# generated by rye
# use `rye lock` or `rye sync` to update this lockfile
#
# last locked with the following flags:
#   pre: false
#   features: []
#   all-features: false
#   with-sources: false

-e file:.
annotated-types==0.6.0
    # via pydantic
attrs==23.2.0
    # via flexim-py
grpcio==1.60.1
    # via flexim-py
iniconfig==2.0.0
    # via pytest
maturin==1.4.0
numpy==1.26.4
    # via flexim-py
    # via pandas
    # via pyarrow
packaging==23.2
    # via pytest
pandas==2.2.0
    # via flexim-py
pillow==10.2.0
    # via flexim-py
pip==24.0
pluggy==1.4.0
    # via pytest
protobuf==4.25.3
    # via flexim-py
pyarrow==14.0.2
    # via flexim-py
pydantic==2.6.1
    # via flexim-py
pydantic-core==2.16.2
    # via pydantic
pytest==8.0.0
python-dateutil==2.8.2
    # via pandas
pytz==2024.1
    # via pandas
six==1.16.0
    # via python-dateutil
typing-extensions==4.9.0
    # via flexim-py
    # via pydantic
    # via pydantic-core
tzdata==2024.1
    # via pandas
